
Microsoft Visual Studio Solution File, Format Version 12.00
Project("{FAE04EC0-301F-11D3-BF4B-00C04F79EFBC}") = "ATeam_MVC_WebApp", "ATeam_MVC_WebApp\ATeam_MVC_WebApp.csproj", "{CDC43CA1-AA52-4AD8-85F8-C11F9E98CB98}"
EndProject
Global
	GlobalSection(SolutionConfigurationPlatforms) = preSolution
		Debug|Any CPU = Debug|Any CPU
		Release|Any CPU = Release|Any CPU
	EndGlobalSection
	GlobalSection(ProjectConfigurationPlatforms) = postSolution
		{CDC43CA1-AA52-4AD8-85F8-C11F9E98CB98}.Debug|Any CPU.ActiveCfg = Debug|Any CPU
		{CDC43CA1-AA52-4AD8-85F8-C11F9E98CB98}.Debug|Any CPU.Build.0 = Debug|Any CPU
		{CDC43CA1-AA52-4AD8-85F8-C11F9E98CB98}.Release|Any CPU.ActiveCfg = Release|Any CPU
		{CDC43CA1-AA52-4AD8-85F8-C11F9E98CB98}.Release|Any CPU.Build.0 = Release|Any CPU
	EndGlobalSection
EndGlobal
